// !$*UTF8*$!
{
	archiveVersion = 1;
	classes = {
	};
	objectVersion = 42;
	objects = {

/* Begin PBXBuildFile section */
		4F94F09707B309C800AE9F13 /* TCarbonEvent.h in Headers */ = {isa = PBXBuildFile; fileRef = 60B8C02302F9E9330BCA0CB8 /* TCarbonEvent.h */; };
		4F94F09807B309C800AE9F13 /* TView.h in Headers */ = {isa = PBXBuildFile; fileRef = 60B8C02502F9E9330BCA0CB8 /* TView.h */; };
		4F94F09907B309C800AE9F13 /* SplitView.h in Headers */ = {isa = PBXBuildFile; fileRef = 6067687202FB2AA10BCA0CB8 /* SplitView.h */; };
		4F94F09A07B309C800AE9F13 /* TClockView.h in Headers */ = {isa = PBXBuildFile; fileRef = 600136D602FF33C90BCA0CB8 /* TClockView.h */; };
		4F94F09B07B309C800AE9F13 /* TRect.h in Headers */ = {isa = PBXBuildFile; fileRef = 608B18D003062AAE0B0E99A4 /* TRect.h */; };
		4F94F09C07B309C800AE9F13 /* TObject.h in Headers */ = {isa = PBXBuildFile; fileRef = 6029BEB403F9CEE50BFF4F4D /* TObject.h */; };
		4F94F09D07B309C800AE9F13 /* HIFramework.h in Headers */ = {isa = PBXBuildFile; fileRef = 332478970690CCF100AAEC61 /* HIFramework.h */; };
		4F94F09E07B309C800AE9F13 /* TEventHandler.h in Headers */ = {isa = PBXBuildFile; fileRef = 332478990690CCF100AAEC61 /* TEventHandler.h */; };
		4F94F0A007B309C800AE9F13 /* InfoPlist.strings in Resources */ = {isa = PBXBuildFile; fileRef = 0867D6AAFE840B52C02AAC07 /* InfoPlist.strings */; };
		4F94F0A107B309C800AE9F13 /* main.nib in Resources */ = {isa = PBXBuildFile; fileRef = 02345980000FD03B11CA0E72 /* main.nib */; };
		4F94F0A207B309C800AE9F13 /* HRidges.png in Resources */ = {isa = PBXBuildFile; fileRef = 60DED2AA03007FBF0BCA0CB8 /* HRidges.png */; };
		4F94F0A307B309C800AE9F13 /* HRidgesDisabled.png in Resources */ = {isa = PBXBuildFile; fileRef = 60DED2AB03007FBF0BCA0CB8 /* HRidgesDisabled.png */; };
		4F94F0A407B309C800AE9F13 /* HSplitter.png in Resources */ = {isa = PBXBuildFile; fileRef = 60DED2AC03007FBF0BCA0CB8 /* HSplitter.png */; };
		4F94F0A507B309C800AE9F13 /* HSplitterDisabled.png in Resources */ = {isa = PBXBuildFile; fileRef = 60DED2AD03007FBF0BCA0CB8 /* HSplitterDisabled.png */; };
		4F94F0A607B309C800AE9F13 /* VRidges.png in Resources */ = {isa = PBXBuildFile; fileRef = 60DED2AE03007FBF0BCA0CB8 /* VRidges.png */; };
		4F94F0A707B309C800AE9F13 /* VRidgesDisabled.png in Resources */ = {isa = PBXBuildFile; fileRef = 60DED2AF03007FBF0BCA0CB8 /* VRidgesDisabled.png */; };
		4F94F0A807B309C800AE9F13 /* VSplitter.png in Resources */ = {isa = PBXBuildFile; fileRef = 60DED2B003007FBF0BCA0CB8 /* VSplitter.png */; };
		4F94F0A907B309C800AE9F13 /* VSplitterDisabled.png in Resources */ = {isa = PBXBuildFile; fileRef = 60DED2B103007FBF0BCA0CB8 /* VSplitterDisabled.png */; };
		4F94F0AA07B309C800AE9F13 /* README.rtf in Resources */ = {isa = PBXBuildFile; fileRef = 60338D32034E58810BCA0CB8 /* README.rtf */; };
		4F94F0AC07B309C800AE9F13 /* TCarbonEvent.cp in Sources */ = {isa = PBXBuildFile; fileRef = 60B8C02202F9E9330BCA0CB8 /* TCarbonEvent.cp */; };
		4F94F0AD07B309C800AE9F13 /* TView.cp in Sources */ = {isa = PBXBuildFile; fileRef = 60B8C02402F9E9330BCA0CB8 /* TView.cp */; };
		4F94F0AE07B309C800AE9F13 /* SplitView.cp in Sources */ = {isa = PBXBuildFile; fileRef = 6067687102FB2AA10BCA0CB8 /* SplitView.cp */; };
		4F94F0AF07B309C800AE9F13 /* TClockView.cp in Sources */ = {isa = PBXBuildFile; fileRef = 600136D502FF33C90BCA0CB8 /* TClockView.cp */; };
		4F94F0B007B309C800AE9F13 /* TRect.cp in Sources */ = {isa = PBXBuildFile; fileRef = 608B18D103062AAE0B0E99A4 /* TRect.cp */; };
		4F94F0B107B309C800AE9F13 /* main.cp in Sources */ = {isa = PBXBuildFile; fileRef = 608F71A302F7582E0BCA0CB8 /* main.cp */; };
		4F94F0B207B309C800AE9F13 /* TObject.cp in Sources */ = {isa = PBXBuildFile; fileRef = 6029BEB303F9CEE50BFF4F4D /* TObject.cp */; };
		4F94F0B307B309C800AE9F13 /* TEventHandler.cp in Sources */ = {isa = PBXBuildFile; fileRef = 332478980690CCF100AAEC61 /* TEventHandler.cp */; };
		4F94F0B507B309C800AE9F13 /* Carbon.framework in Frameworks */ = {isa = PBXBuildFile; fileRef = 20286C33FDCF999611CA2CEA /* Carbon.framework */; };
/* End PBXBuildFile section */

/* Begin PBXBuildStyle section */
		4A9504C5FFE6A39111CA0CBA /* Development */ = {
			isa = PBXBuildStyle;
			buildSettings = {
				COPY_PHASE_STRIP = NO;
				GCC_DYNAMIC_NO_PIC = NO;
				GCC_ENABLE_FIX_AND_CONTINUE = YES;
				GCC_GENERATE_DEBUGGING_SYMBOLS = YES;
				GCC_OPTIMIZATION_LEVEL = 0;
				OPTIMIZATION_CFLAGS = "-O0";
				OTHER_CFLAGS = "-DDEBUG";
				ZERO_LINK = YES;
			};
			name = Development;
		};
		4A9504C6FFE6A39111CA0CBA /* Deployment */ = {
			isa = PBXBuildStyle;
			buildSettings = {
				COPY_PHASE_STRIP = YES;
				GCC_ENABLE_FIX_AND_CONTINUE = NO;
				ZERO_LINK = NO;
			};
			name = Deployment;
		};
/* End PBXBuildStyle section */

/* Begin PBXFileReference section */
		0867D6ABFE840B52C02AAC07 /* English */ = {isa = PBXFileReference; fileEncoding = 10; lastKnownFileType = text.plist.strings; name = English; path = English.lproj/InfoPlist.strings; sourceTree = "<group>"; };
		1870340FFE93FCAF11CA0CD7 /* English */ = {isa = PBXFileReference; lastKnownFileType = wrapper.nib; name = English; path = English.lproj/main.nib; sourceTree = "<group>"; };
		20286C33FDCF999611CA2CEA /* Carbon.framework */ = {isa = PBXFileReference; lastKnownFileType = wrapper.framework; name = Carbon.framework; path = /System/Library/Frameworks/Carbon.framework; sourceTree = "<absolute>"; };
		332478970690CCF100AAEC61 /* HIFramework.h */ = {isa = PBXFileReference; fileEncoding = 30; lastKnownFileType = sourcecode.c.h; name = HIFramework.h; path = ../HIFramework/HIFramework.h; sourceTree = "<group>"; };
		332478980690CCF100AAEC61 /* TEventHandler.cp */ = {isa = PBXFileReference; fileEncoding = 30; lastKnownFileType = sourcecode.cpp.cpp; name = TEventHandler.cp; path = ../HIFramework/TEventHandler.cp; sourceTree = "<group>"; };
		332478990690CCF100AAEC61 /* TEventHandler.h */ = {isa = PBXFileReference; fileEncoding = 30; lastKnownFileType = sourcecode.c.h; name = TEventHandler.h; path = ../HIFramework/TEventHandler.h; sourceTree = "<group>"; };
		4A9504C8FFE6A3BC11CA0CBA /* ApplicationServices.framework */ = {isa = PBXFileReference; lastKnownFileType = wrapper.framework; name = ApplicationServices.framework; path = /System/Library/Frameworks/ApplicationServices.framework; sourceTree = "<absolute>"; };
		4A9504CAFFE6A41611CA0CBA /* CoreServices.framework */ = {isa = PBXFileReference; lastKnownFileType = wrapper.framework; name = CoreServices.framework; path = /System/Library/Frameworks/CoreServices.framework; sourceTree = "<absolute>"; };
		4F94F0B707B309C800AE9F13 /* Info-SplitView.plist */ = {isa = PBXFileReference; lastKnownFileType = text.xml; path = "Info-SplitView.plist"; sourceTree = "<group>"; };
		4F94F0B807B309C800AE9F13 /* SplitView.app */ = {isa = PBXFileReference; explicitFileType = wrapper.application; includeInIndex = 0; path = SplitView.app; sourceTree = BUILT_PRODUCTS_DIR; };
		600136D502FF33C90BCA0CB8 /* TClockView.cp */ = {isa = PBXFileReference; fileEncoding = 30; lastKnownFileType = sourcecode.cpp.cpp; name = TClockView.cp; path = ../ClockView/TClockView.cp; sourceTree = SOURCE_ROOT; };
		600136D602FF33C90BCA0CB8 /* TClockView.h */ = {isa = PBXFileReference; fileEncoding = 30; lastKnownFileType = sourcecode.c.h; name = TClockView.h; path = ../ClockView/TClockView.h; sourceTree = SOURCE_ROOT; };
		6029BEB303F9CEE50BFF4F4D /* TObject.cp */ = {isa = PBXFileReference; fileEncoding = 30; lastKnownFileType = sourcecode.cpp.cpp; name = TObject.cp; path = ../HIFramework/TObject.cp; sourceTree = SOURCE_ROOT; };
		6029BEB403F9CEE50BFF4F4D /* TObject.h */ = {isa = PBXFileReference; fileEncoding = 30; lastKnownFileType = sourcecode.c.h; name = TObject.h; path = ../HIFramework/TObject.h; sourceTree = SOURCE_ROOT; };
		60338D32034E58810BCA0CB8 /* README.rtf */ = {isa = PBXFileReference; lastKnownFileType = text.rtf; path = README.rtf; sourceTree = "<group>"; };
		6067687102FB2AA10BCA0CB8 /* SplitView.cp */ = {isa = PBXFileReference; fileEncoding = 30; lastKnownFileType = sourcecode.cpp.cpp; path = SplitView.cp; sourceTree = "<group>"; };
		6067687202FB2AA10BCA0CB8 /* SplitView.h */ = {isa = PBXFileReference; fileEncoding = 30; lastKnownFileType = sourcecode.c.h; path = SplitView.h; sourceTree = "<group>"; };
		608B18D003062AAE0B0E99A4 /* TRect.h */ = {isa = PBXFileReference; fileEncoding = 30; lastKnownFileType = sourcecode.c.h; name = TRect.h; path = ../HIFramework/TRect.h; sourceTree = SOURCE_ROOT; };
		608B18D103062AAE0B0E99A4 /* TRect.cp */ = {isa = PBXFileReference; fileEncoding = 30; lastKnownFileType = sourcecode.cpp.cpp; name = TRect.cp; path = ../HIFramework/TRect.cp; sourceTree = SOURCE_ROOT; };
		608F71A302F7582E0BCA0CB8 /* main.cp */ = {isa = PBXFileReference; fileEncoding = 30; lastKnownFileType = sourcecode.cpp.cpp; path = main.cp; sourceTree = "<group>"; };
		60B8C02202F9E9330BCA0CB8 /* TCarbonEvent.cp */ = {isa = PBXFileReference; fileEncoding = 30; lastKnownFileType = sourcecode.cpp.cpp; name = TCarbonEvent.cp; path = ../HIFramework/TCarbonEvent.cp; sourceTree = SOURCE_ROOT; };
		60B8C02302F9E9330BCA0CB8 /* TCarbonEvent.h */ = {isa = PBXFileReference; fileEncoding = 30; lastKnownFileType = sourcecode.c.h; name = TCarbonEvent.h; path = ../HIFramework/TCarbonEvent.h; sourceTree = SOURCE_ROOT; };
		60B8C02402F9E9330BCA0CB8 /* TView.cp */ = {isa = PBXFileReference; fileEncoding = 30; lastKnownFileType = sourcecode.cpp.cpp; name = TView.cp; path = ../HIFramework/TView.cp; sourceTree = SOURCE_ROOT; };
		60B8C02502F9E9330BCA0CB8 /* TView.h */ = {isa = PBXFileReference; fileEncoding = 30; lastKnownFileType = sourcecode.c.h; name = TView.h; path = ../HIFramework/TView.h; sourceTree = SOURCE_ROOT; };
		60DED2AA03007FBF0BCA0CB8 /* HRidges.png */ = {isa = PBXFileReference; lastKnownFileType = image.png; path = HRidges.png; sourceTree = "<group>"; };
		60DED2AB03007FBF0BCA0CB8 /* HRidgesDisabled.png */ = {isa = PBXFileReference; lastKnownFileType = image.png; path = HRidgesDisabled.png; sourceTree = "<group>"; };
		60DED2AC03007FBF0BCA0CB8 /* HSplitter.png */ = {isa = PBXFileReference; lastKnownFileType = image.png; path = HSplitter.png; sourceTree = "<group>"; };
		60DED2AD03007FBF0BCA0CB8 /* HSplitterDisabled.png */ = {isa = PBXFileReference; lastKnownFileType = image.png; path = HSplitterDisabled.png; sourceTree = "<group>"; };
		60DED2AE03007FBF0BCA0CB8 /* VRidges.png */ = {isa = PBXFileReference; lastKnownFileType = image.png; path = VRidges.png; sourceTree = "<group>"; };
		60DED2AF03007FBF0BCA0CB8 /* VRidgesDisabled.png */ = {isa = PBXFileReference; lastKnownFileType = image.png; path = VRidgesDisabled.png; sourceTree = "<group>"; };
		60DED2B003007FBF0BCA0CB8 /* VSplitter.png */ = {isa = PBXFileReference; lastKnownFileType = image.png; path = VSplitter.png; sourceTree = "<group>"; };
		60DED2B103007FBF0BCA0CB8 /* VSplitterDisabled.png */ = {isa = PBXFileReference; lastKnownFileType = image.png; path = VSplitterDisabled.png; sourceTree = "<group>"; };
/* End PBXFileReference section */

/* Begin PBXFrameworksBuildPhase section */
		4F94F0B407B309C800AE9F13 /* Frameworks */ = {
			isa = PBXFrameworksBuildPhase;
			buildActionMask = 2147483647;
			files = (
				4F94F0B507B309C800AE9F13 /* Carbon.framework in Frameworks */,
			);
			runOnlyForDeploymentPostprocessing = 0;
		};
/* End PBXFrameworksBuildPhase section */

/* Begin PBXGroup section */
		195DF8CFFE9D517E11CA2CBB /* Products */ = {
			isa = PBXGroup;
			children = (
				4F94F0B807B309C800AE9F13 /* SplitView.app */,
			);
			name = Products;
			sourceTree = "<group>";
		};
		20286C29FDCF999611CA2CEA /* SplitView */ = {
			isa = PBXGroup;
			children = (
				60338D32034E58810BCA0CB8 /* README.rtf */,
				20286C2AFDCF999611CA2CEA /* Sources */,
				20286C2CFDCF999611CA2CEA /* Resources */,
				20286C32FDCF999611CA2CEA /* External Frameworks and Libraries */,
				195DF8CFFE9D517E11CA2CBB /* Products */,
				4F94F0B707B309C800AE9F13 /* Info-SplitView.plist */,
			);
			name = SplitView;
			sourceTree = "<group>";
		};
		20286C2AFDCF999611CA2CEA /* Sources */ = {
			isa = PBXGroup;
			children = (
				608F71A302F7582E0BCA0CB8 /* main.cp */,
				6067687102FB2AA10BCA0CB8 /* SplitView.cp */,
				6067687202FB2AA10BCA0CB8 /* SplitView.h */,
				600136D502FF33C90BCA0CB8 /* TClockView.cp */,
				600136D602FF33C90BCA0CB8 /* TClockView.h */,
				60DED2FD030194D40BCA0CB8 /* HIFramework */,
			);
			name = Sources;
			sourceTree = "<group>";
		};
		20286C2CFDCF999611CA2CEA /* Resources */ = {
			isa = PBXGroup;
			children = (
				0867D6AAFE840B52C02AAC07 /* InfoPlist.strings */,
				02345980000FD03B11CA0E72 /* main.nib */,
				60DED2A903007FBF0BCA0CB8 /* Images */,
			);
			name = Resources;
			sourceTree = "<group>";
		};
		20286C32FDCF999611CA2CEA /* External Frameworks and Libraries */ = {
			isa = PBXGroup;
			children = (
				20286C33FDCF999611CA2CEA /* Carbon.framework */,
				4A9504CAFFE6A41611CA0CBA /* CoreServices.framework */,
				4A9504C8FFE6A3BC11CA0CBA /* ApplicationServices.framework */,
			);
			name = "External Frameworks and Libraries";
			sourceTree = "<group>";
		};
		60DED2A903007FBF0BCA0CB8 /* Images */ = {
			isa = PBXGroup;
			children = (
				60DED2AA03007FBF0BCA0CB8 /* HRidges.png */,
				60DED2AB03007FBF0BCA0CB8 /* HRidgesDisabled.png */,
				60DED2AC03007FBF0BCA0CB8 /* HSplitter.png */,
				60DED2AD03007FBF0BCA0CB8 /* HSplitterDisabled.png */,
				60DED2AE03007FBF0BCA0CB8 /* VRidges.png */,
				60DED2AF03007FBF0BCA0CB8 /* VRidgesDisabled.png */,
				60DED2B003007FBF0BCA0CB8 /* VSplitter.png */,
				60DED2B103007FBF0BCA0CB8 /* VSplitterDisabled.png */,
			);
			path = Images;
			sourceTree = "<group>";
		};
		60DED2FD030194D40BCA0CB8 /* HIFramework */ = {
			isa = PBXGroup;
			children = (
				332478970690CCF100AAEC61 /* HIFramework.h */,
				60B8C02202F9E9330BCA0CB8 /* TCarbonEvent.cp */,
				60B8C02302F9E9330BCA0CB8 /* TCarbonEvent.h */,
				332478980690CCF100AAEC61 /* TEventHandler.cp */,
				332478990690CCF100AAEC61 /* TEventHandler.h */,
				6029BEB303F9CEE50BFF4F4D /* TObject.cp */,
				6029BEB403F9CEE50BFF4F4D /* TObject.h */,
				608B18D003062AAE0B0E99A4 /* TRect.h */,
				608B18D103062AAE0B0E99A4 /* TRect.cp */,
				60B8C02402F9E9330BCA0CB8 /* TView.cp */,
				60B8C02502F9E9330BCA0CB8 /* TView.h */,
			);
			name = HIFramework;
			sourceTree = "<group>";
		};
/* End PBXGroup section */

/* Begin PBXHeadersBuildPhase section */
		4F94F09607B309C800AE9F13 /* Headers */ = {
			isa = PBXHeadersBuildPhase;
			buildActionMask = 2147483647;
			files = (
				4F94F09707B309C800AE9F13 /* TCarbonEvent.h in Headers */,
				4F94F09807B309C800AE9F13 /* TView.h in Headers */,
				4F94F09907B309C800AE9F13 /* SplitView.h in Headers */,
				4F94F09A07B309C800AE9F13 /* TClockView.h in Headers */,
				4F94F09B07B309C800AE9F13 /* TRect.h in Headers */,
				4F94F09C07B309C800AE9F13 /* TObject.h in Headers */,
				4F94F09D07B309C800AE9F13 /* HIFramework.h in Headers */,
				4F94F09E07B309C800AE9F13 /* TEventHandler.h in Headers */,
			);
			runOnlyForDeploymentPostprocessing = 0;
		};
/* End PBXHeadersBuildPhase section */

/* Begin PBXNativeTarget section */
		4F94F09507B309C800AE9F13 /* SplitView */ = {
			isa = PBXNativeTarget;
			buildConfigurationList = 4F2B064408A02B950055E173 /* Build configuration list for PBXNativeTarget "SplitView" */;
			buildPhases = (
				4F94F09607B309C800AE9F13 /* Headers */,
				4F94F09F07B309C800AE9F13 /* Resources */,
				4F94F0AB07B309C800AE9F13 /* Sources */,
				4F94F0B407B309C800AE9F13 /* Frameworks */,
				4F94F0B607B309C800AE9F13 /* Rez */,
			);
			buildRules = (
			);
			buildSettings = {
				FRAMEWORK_SEARCH_PATHS = "";
				HEADER_SEARCH_PATHS = "";
				INFOPLIST_FILE = "Info-SplitView.plist";
				INSTALL_PATH = "$(LOCAL_DEVELOPER_DIR)/Demos";
				LIBRARY_SEARCH_PATHS = "";
				OTHER_CFLAGS = "";
				OTHER_LDFLAGS = "";
				OTHER_REZFLAGS = "";
				PRODUCT_NAME = SplitView;
				SECTORDER_FLAGS = "";
				WARNING_CFLAGS = (
					"-Wmost",
					"-Wno-four-char-constants",
					"-Wno-unknown-pragmas",
				);
				WRAPPER_EXTENSION = app;
			};
			dependencies = (
			);
			name = SplitView;
			productInstallPath = "$(LOCAL_DEVELOPER_DIR)/Demos";
			productName = SplitView;
			productReference = 4F94F0B807B309C800AE9F13 /* SplitView.app */;
			productType = "com.apple.product-type.application";
		};
/* End PBXNativeTarget section */

/* Begin PBXProject section */
		20286C28FDCF999611CA2CEA /* Project object */ = {
			isa = PBXProject;
			buildConfigurationList = 4F2B064808A02B950055E173 /* Build configuration list for PBXProject "SplitView" */;
			buildSettings = {
			};
			buildStyles = (
				4A9504C5FFE6A39111CA0CBA /* Development */,
				4A9504C6FFE6A39111CA0CBA /* Deployment */,
			);
			hasScannedForEncodings = 1;
			mainGroup = 20286C29FDCF999611CA2CEA /* SplitView */;
			projectDirPath = "";
			targets = (
				4F94F09507B309C800AE9F13 /* SplitView */,
			);
		};
/* End PBXProject section */

/* Begin PBXResourcesBuildPhase section */
		4F94F09F07B309C800AE9F13 /* Resources */ = {
			isa = PBXResourcesBuildPhase;
			buildActionMask = 2147483647;
			files = (
				4F94F0A007B309C800AE9F13 /* InfoPlist.strings in Resources */,
				4F94F0A107B309C800AE9F13 /* main.nib in Resources */,
				4F94F0A207B309C800AE9F13 /* HRidges.png in Resources */,
				4F94F0A307B309C800AE9F13 /* HRidgesDisabled.png in Resources */,
				4F94F0A407B309C800AE9F13 /* HSplitter.png in Resources */,
				4F94F0A507B309C800AE9F13 /* HSplitterDisabled.png in Resources */,
				4F94F0A607B309C800AE9F13 /* VRidges.png in Resources */,
				4F94F0A707B309C800AE9F13 /* VRidgesDisabled.png in Resources */,
				4F94F0A807B309C800AE9F13 /* VSplitter.png in Resources */,
				4F94F0A907B309C800AE9F13 /* VSplitterDisabled.png in Resources */,
				4F94F0AA07B309C800AE9F13 /* README.rtf in Resources */,
			);
			runOnlyForDeploymentPostprocessing = 0;
		};
/* End PBXResourcesBuildPhase section */

/* Begin PBXRezBuildPhase section */
		4F94F0B607B309C800AE9F13 /* Rez */ = {
			isa = PBXRezBuildPhase;
			buildActionMask = 2147483647;
			files = (
			);
			runOnlyForDeploymentPostprocessing = 0;
		};
/* End PBXRezBuildPhase section */

/* Begin PBXSourcesBuildPhase section */
		4F94F0AB07B309C800AE9F13 /* Sources */ = {
			isa = PBXSourcesBuildPhase;
			buildActionMask = 2147483647;
			files = (
				4F94F0AC07B309C800AE9F13 /* TCarbonEvent.cp in Sources */,
				4F94F0AD07B309C800AE9F13 /* TView.cp in Sources */,
				4F94F0AE07B309C800AE9F13 /* SplitView.cp in Sources */,
				4F94F0AF07B309C800AE9F13 /* TClockView.cp in Sources */,
				4F94F0B007B309C800AE9F13 /* TRect.cp in Sources */,
				4F94F0B107B309C800AE9F13 /* main.cp in Sources */,
				4F94F0B207B309C800AE9F13 /* TObject.cp in Sources */,
				4F94F0B307B309C800AE9F13 /* TEventHandler.cp in Sources */,
			);
			runOnlyForDeploymentPostprocessing = 0;
		};
/* End PBXSourcesBuildPhase section */

/* Begin PBXVariantGroup section */
		02345980000FD03B11CA0E72 /* main.nib */ = {
			isa = PBXVariantGroup;
			children = (
				1870340FFE93FCAF11CA0CD7 /* English */,
			);
			name = main.nib;
			sourceTree = "<group>";
		};
		0867D6AAFE840B52C02AAC07 /* InfoPlist.strings */ = {
			isa = PBXVariantGroup;
			children = (
				0867D6ABFE840B52C02AAC07 /* English */,
			);
			name = InfoPlist.strings;
			sourceTree = "<group>";
		};
/* End PBXVariantGroup section */

/* Begin XCBuildConfiguration section */
		4F2B064508A02B950055E173 /* Debug */ = {
			isa = XCBuildConfiguration;
			buildSettings = {
				COPY_PHASE_STRIP = NO;
				GCC_DYNAMIC_NO_PIC = NO;
				GCC_ENABLE_FIX_AND_CONTINUE = YES;
				GCC_MODEL_TUNING = G5;
				GCC_OPTIMIZATION_LEVEL = 0;
				GCC_WARN_FOUR_CHARACTER_CONSTANTS = NO;
				INFOPLIST_FILE = "Info-SplitView.plist";
				INSTALL_PATH = "$(LOCAL_DEVELOPER_DIR)/Demos";
				PRODUCT_NAME = SplitView;
				WRAPPER_EXTENSION = app;
				ZERO_LINK = YES;
			};
			name = Debug;
		};
		4F2B064608A02B950055E173 /* Release */ = {
			isa = XCBuildConfiguration;
			buildSettings = {
				ARCHS = (
					ppc,
					i386,
				);
				GCC_GENERATE_DEBUGGING_SYMBOLS = NO;
				GCC_MODEL_TUNING = G5;
				GCC_WARN_FOUR_CHARACTER_CONSTANTS = NO;
				INFOPLIST_FILE = "Info-SplitView.plist";
				INSTALL_PATH = "$(LOCAL_DEVELOPER_DIR)/Demos";
				PRODUCT_NAME = SplitView;
				WRAPPER_EXTENSION = app;
			};
			name = Release;
		};
		4F2B064908A02B950055E173 /* Debug */ = {
			isa = XCBuildConfiguration;
			buildSettings = {
				GCC_WARN_ABOUT_RETURN_TYPE = YES;
				GCC_WARN_UNUSED_VARIABLE = YES;
				PREBINDING = NO;
				SDKROOT = /Developer/SDKs/MacOSX10.4u.sdk;
			};
			name = Debug;
		};
		4F2B064A08A02B950055E173 /* Release */ = {
			isa = XCBuildConfiguration;
			buildSettings = {
				GCC_WARN_ABOUT_RETURN_TYPE = YES;
				GCC_WARN_UNUSED_VARIABLE = YES;
				PREBINDING = NO;
				SDKROOT = /Developer/SDKs/MacOSX10.4u.sdk;
			};
			name = Release;
		};
/* End XCBuildConfiguration section */

/* Begin XCConfigurationList section */
		4F2B064408A02B950055E173 /* Build configuration list for PBXNativeTarget "SplitView" */ = {
			isa = XCConfigurationList;
			buildConfigurations = (
				4F2B064508A02B950055E173 /* Debug */,
				4F2B064608A02B950055E173 /* Release */,
			);
			defaultConfigurationIsVisible = 0;
			defaultConfigurationName = Release;
		};
		4F2B064808A02B950055E173 /* Build configuration list for PBXProject "SplitView" */ = {
			isa = XCConfigurationList;
			buildConfigurations = (
				4F2B064908A02B950055E173 /* Debug */,
				4F2B064A08A02B950055E173 /* Release */,
			);
			defaultConfigurationIsVisible = 0;
			defaultConfigurationName = Release;
		};
/* End XCConfigurationList section */
	};
	rootObject = 20286C28FDCF999611CA2CEA /* Project object */;
}
